Microsoft Visual Studio Solution File, Format Version 12.00
# Visual Studio Version 17
VisualStudioVersion = 17.5.33530.505
MinimumVisualStudioVersion = 10.0.40219.1
Project("{9A19103F-16F7-4668-BE54-9A1E7A4F7556}") = "Senkel.Unity.Diagnostics", "Diagnostics\Senkel.Unity.Diagnostics.csproj", "{919E26F6-E977-4CC8-931D-296CB811EA40}"
EndProject
Project("{2150E333-8FDC-42A3-9474-1A3956D46DE8}") = "Solution Items", "Solution Items", "{61D5C384-CC91-4C74-8408-CD4FCD2F5427}"
	ProjectSection(SolutionItems) = preProject
		.editorconfig = .editorconfig
	EndProjectSection
EndProject
Global
	GlobalSection(SolutionConfigurationPlatforms) = preSolution
		Debug|Any CPU = Debug|Any CPU
		Release|Any CPU = Release|Any CPU
	EndGlobalSection
	GlobalSection(ProjectConfigurationPlatforms) = postSolution
		{919E26F6-E977-4CC8-931D-296CB811EA40}.Debug|Any CPU.ActiveCfg = Debug|Any CPU
		{919E26F6-E977-4CC8-931D-296CB811EA40}.Debug|Any CPU.Build.0 = Debug|Any CPU
		{919E26F6-E977-4CC8-931D-296CB811EA40}.Release|Any CPU.ActiveCfg = Release|Any CPU
		{919E26F6-E977-4CC8-931D-296CB811EA40}.Release|Any CPU.Build.0 = Release|Any CPU
	EndGlobalSection
	GlobalSection(SolutionProperties) = preSolution
		HideSolutionNode = FALSE
	EndGlobalSection
	GlobalSection(ExtensibilityGlobals) = postSolution
		SolutionGuid = {A5717E90-DDA8-42D8-981F-2AA1F216C234}
	EndGlobalSection
EndGlobal
